
Microsoft Visual Studio Solution File, Format Version 12.00
# Visual Studio Version 17
VisualStudioVersion = 17.10.35027.167
MinimumVisualStudioVersion = 10.0.40219.1
Project("{2150E333-8FDC-42A3-9474-1A3956D46DE8}") = "ShopManagement", "ShopManagement", "{F9D94C79-7432-43B7-A8DC-A006E1B8AE76}"
EndProject
Project("{2150E333-8FDC-42A3-9474-1A3956D46DE8}") = "SM.Domain", "SM.Domain", "{279DB181-280C-48D0-9E2A-C7E155621910}"
EndProject
Project("{9A19103F-16F7-4668-BE54-9A1E7A4F7556}") = "ShopManagement.Domain", "ShopManagement.Domain\ShopManagement.Domain.csproj", "{6B1FFA54-D71E-4312-8E8C-208E280BABF8}"
EndProject
Project("{9A19103F-16F7-4668-BE54-9A1E7A4F7556}") = "0_Framework", "0_Framework\0_Framework.csproj", "{12E7B093-A407-451B-AA52-02B032B0DD1E}"
EndProject
Project("{2150E333-8FDC-42A3-9474-1A3956D46DE8}") = "SM.Application", "SM.Application", "{95991397-7790-4414-86A4-0647753D529C}"
EndProject
Project("{9A19103F-16F7-4668-BE54-9A1E7A4F7556}") = "ShopManagement.Application.Contracts", "ShopManagement.Application.Contracts\ShopManagement.Application.Contracts.csproj", "{4DF9DC52-0D31-4513-AF48-A5FEB72F2220}"
EndProject
Project("{9A19103F-16F7-4668-BE54-9A1E7A4F7556}") = "ShopManagement.Application", "ShopManagement.Application\ShopManagement.Application.csproj", "{8D20BBB5-1EA4-4A85-9AC2-D7CEC9284ED0}"
EndProject
Project("{2150E333-8FDC-42A3-9474-1A3956D46DE8}") = "SM.Infrastucture", "SM.Infrastucture", "{9C6FD1DC-D359-4056-A2D8-C5349FDC9F6F}"
EndProject
Project("{9A19103F-16F7-4668-BE54-9A1E7A4F7556}") = "ShopManagement.Infrastucture.EFCore", "ShopManagement.Infrastucture\ShopManagement.Infrastucture.EFCore.csproj", "{C97AB5B4-8B77-47C0-AEAC-3E8E1AA4B4EB}"
EndProject
Project("{9A19103F-16F7-4668-BE54-9A1E7A4F7556}") = "ShopManagement.Configuration", "ShopManagement.Configuration\ShopManagement.Configuration.csproj", "{DFA87BF3-4A72-433A-91A3-A8A3A4360159}"
EndProject
Project("{9A19103F-16F7-4668-BE54-9A1E7A4F7556}") = "ServiceHost", "ServiceHost\ServiceHost.csproj", "{B5B55E86-EB28-4F7F-9DBF-5212150147D8}"
EndProject
Project("{9A19103F-16F7-4668-BE54-9A1E7A4F7556}") = "01_LampshadeQuery", "01_LampshadeQuery\01_LampshadeQuery.csproj", "{DD8E3736-AB33-4F05-A5C4-0C94C541BD7C}"
EndProject
Project("{2150E333-8FDC-42A3-9474-1A3956D46DE8}") = "DiscountManagement", "DiscountManagement", "{39DD7FB3-A514-47B5-8DA3-2F87A2C72FAE}"
EndProject
Project("{2150E333-8FDC-42A3-9474-1A3956D46DE8}") = "DM.Domain", "DM.Domain", "{6B1253E1-9C4F-432A-83B5-389EE867DF8E}"
EndProject
Project("{2150E333-8FDC-42A3-9474-1A3956D46DE8}") = "DM.Application", "DM.Application", "{8E38549A-4A9C-4B1F-A9DE-D5F2902699CE}"
EndProject
Project("{2150E333-8FDC-42A3-9474-1A3956D46DE8}") = "DM.Infrastucture", "DM.Infrastucture", "{C27CBD5B-A6DC-49FE-AA8F-99AE2A265784}"
EndProject
Project("{9A19103F-16F7-4668-BE54-9A1E7A4F7556}") = "DiscountManagement.Domain", "Discount.Management.Domain\DiscountManagement.Domain.csproj", "{8AA407E3-47BD-4295-A74E-08AD3E283D71}"
EndProject
Project("{9A19103F-16F7-4668-BE54-9A1E7A4F7556}") = "DiscountManagement.Application.Contracts", "DiscountManagement.Application.Contracts\DiscountManagement.Application.Contracts.csproj", "{5F1105CF-23AA-4794-B799-0656E720C8E9}"
EndProject
Project("{9A19103F-16F7-4668-BE54-9A1E7A4F7556}") = "DiscountManagement.Application", "DiscountManagement.Application\DiscountManagement.Application.csproj", "{9D48602C-877B-49E1-9D95-7D6C56F7E472}"
EndProject
Project("{9A19103F-16F7-4668-BE54-9A1E7A4F7556}") = "DiscountManagement.Infrastucture.EFCore", "DiscuntManagement.Infrastucture.EFCore\DiscountManagement.Infrastucture.EFCore.csproj", "{ADB8FF42-7E84-4803-A094-E995C16A2DF2}"
EndProject
Project("{9A19103F-16F7-4668-BE54-9A1E7A4F7556}") = "DiscountManagement.Configuration", "DiscountManagement.Configuration\DiscountManagement.Configuration.csproj", "{11030E22-E4B4-4D7D-998C-0FEBC34169E6}"
EndProject
Project("{2150E333-8FDC-42A3-9474-1A3956D46DE8}") = "InventoryManagement", "InventoryManagement", "{B880AE02-28C2-41A2-8EEC-C7DC113662AE}"
EndProject
Project("{2150E333-8FDC-42A3-9474-1A3956D46DE8}") = "IM.Dimain", "IM.Dimain", "{38C48D0B-F525-4080-8CAF-558809DC63C4}"
EndProject
Project("{9A19103F-16F7-4668-BE54-9A1E7A4F7556}") = "InventoryManagement.Domain", "InventoryManagement.Domain\InventoryManagement.Domain.csproj", "{75D3583E-CBF4-4AC8-A25D-99E8F848D3AB}"
EndProject
Project("{2150E333-8FDC-42A3-9474-1A3956D46DE8}") = "IM.Application", "IM.Application", "{8FB8B6F9-744A-486A-8A2B-A8352BDE1FEC}"
EndProject
Project("{9A19103F-16F7-4668-BE54-9A1E7A4F7556}") = "InventoryManagement.Application.Contract", "InventoryManagement.Application.Contract\InventoryManagement.Application.Contract.csproj", "{6635E7EB-43F6-4CC2-8B5A-F8F111E7B146}"
EndProject
Project("{2150E333-8FDC-42A3-9474-1A3956D46DE8}") = "IM.Infrastucture", "IM.Infrastucture", "{BB94B97A-D920-4565-911A-69B34138538F}"
EndProject
Project("{9A19103F-16F7-4668-BE54-9A1E7A4F7556}") = "InventoryManagement.Infrastucture.EFCore", "InventoryManagement.Infrastucture.EFCore\InventoryManagement.Infrastucture.EFCore.csproj", "{35EC2E7A-7A13-4C37-8CBF-95F610241121}"
EndProject
Project("{9A19103F-16F7-4668-BE54-9A1E7A4F7556}") = "InventoryManagement.Infrastucture.Configuration", "InventoryManagement.Infrastucture.Configuration\InventoryManagement.Infrastucture.Configuration.csproj", "{9A8B7CF6-BB1B-4C46-85FB-7E0B059C8D6E}"
EndProject
Project("{9A19103F-16F7-4668-BE54-9A1E7A4F7556}") = "InventoryManagement.Application", "InventoryApplication\InventoryManagement.Application.csproj", "{9A219C37-53D1-4556-B8EF-3B8AD6175803}"
EndProject
Project("{2150E333-8FDC-42A3-9474-1A3956D46DE8}") = "BlogManagement", "BlogManagement", "{D9172331-F62C-4BA7-B06B-4693B75A94E6}"
EndProject
Project("{2150E333-8FDC-42A3-9474-1A3956D46DE8}") = "BM.Domain", "BM.Domain", "{EDE95244-8EA6-4D54-A47C-2F9FBA8ABB76}"
EndProject
Project("{9A19103F-16F7-4668-BE54-9A1E7A4F7556}") = "BlogManagement.Domain", "BloggManagement.Domain\BlogManagement.Domain.csproj", "{120E8D74-8668-4FF1-9F46-0371F97C4BCF}"
EndProject
Project("{2150E333-8FDC-42A3-9474-1A3956D46DE8}") = "BM.Application", "BM.Application", "{9888A710-687D-42DF-9F44-81EFA1D1D46E}"
EndProject
Project("{9A19103F-16F7-4668-BE54-9A1E7A4F7556}") = "BlogManagement.Application.Contract", "BlogManagement.Application.Contract\BlogManagement.Application.Contract.csproj", "{6B8D5D37-9A37-4DD1-B38D-85A11440A1A5}"
EndProject
Project("{9A19103F-16F7-4668-BE54-9A1E7A4F7556}") = "BlogManagement.Application", "BlogManagement.Application\BlogManagement.Application.csproj", "{95A372AD-0086-47FF-A89C-B16E4B689ED9}"
EndProject
Project("{2150E333-8FDC-42A3-9474-1A3956D46DE8}") = "BM.Infrastucture", "BM.Infrastucture", "{BFF264B3-F0CD-44CD-801C-3FAA7D236AE8}"
EndProject
Project("{9A19103F-16F7-4668-BE54-9A1E7A4F7556}") = "BlogManagement.Infrastucture.Configuration", "BlogManagement.Infrastucture.Configur\BlogManagement.Infrastucture.Configuration.csproj", "{D95FB063-ABD3-415D-9283-DBEB2A3AAF2D}"
EndProject
Project("{9A19103F-16F7-4668-BE54-9A1E7A4F7556}") = "BlogManagement.Infrastucture.EFCore", "BlogManagement.Infrastucture\BlogManagement.Infrastucture.EFCore.csproj", "{925D620D-12D4-419B-A85C-A952E89A558A}"
EndProject
Project("{2150E333-8FDC-42A3-9474-1A3956D46DE8}") = "CommentManagement", "CommentManagement", "{936C0D2D-A834-4345-A919-5317147F0E32}"
EndProject
Project("{2150E333-8FDC-42A3-9474-1A3956D46DE8}") = "CM.Application", "CM.Application", "{9A2143FB-6C4B-4C9C-AD09-04D32F67C446}"
EndProject
Project("{2150E333-8FDC-42A3-9474-1A3956D46DE8}") = "CM.Domain", "CM.Domain", "{A7FA7947-70DA-4663-ADCD-DEA658CEE0DC}"
EndProject
Project("{2150E333-8FDC-42A3-9474-1A3956D46DE8}") = "CM.Infrastucture", "CM.Infrastucture", "{3A4CB9ED-D9EB-4E02-9143-64FEAD4B06B5}"
EndProject
Project("{9A19103F-16F7-4668-BE54-9A1E7A4F7556}") = "CommentManagement.Domain", "CommentManagement.Domain\CommentManagement.Domain.csproj", "{587C9D2D-DB58-41A5-B9CF-84EA55DA1E3A}"
EndProject
Project("{9A19103F-16F7-4668-BE54-9A1E7A4F7556}") = "CommentManagement.Application.Contract", "CommentManagement.Application.Contract\CommentManagement.Application.Contract.csproj", "{30961D30-D509-498B-AB1B-954ED414A551}"
EndProject
Project("{9A19103F-16F7-4668-BE54-9A1E7A4F7556}") = "CommentManagement.Application", "CommentManagement.Application\CommentManagement.Application.csproj", "{E2F4C4D8-9FC4-4B03-8599-D809A005A18C}"
EndProject
Project("{9A19103F-16F7-4668-BE54-9A1E7A4F7556}") = "CommentManagement.Infrastucture.EFCore", "CommentManagement.Infrastucture.EFCore\CommentManagement.Infrastucture.EFCore.csproj", "{21E7B817-E688-48C6-8CA9-F4A14EBFF8C3}"
EndProject
Project("{9A19103F-16F7-4668-BE54-9A1E7A4F7556}") = "CommentManagement.Infrastucture.Configuration", "CommentManagement.Infrastucture.Cunfiguration\CommentManagement.Infrastucture.Configuration.csproj", "{12DAFB63-1F3C-44F4-B689-1A59362F7AD8}"
EndProject
Project("{2150E333-8FDC-42A3-9474-1A3956D46DE8}") = "AccountManagement", "AccountManagement", "{E2DA5C7B-F051-4DF5-996C-2F82E794B0EB}"
EndProject
Project("{2150E333-8FDC-42A3-9474-1A3956D46DE8}") = "AM.Domain", "AM.Domain", "{FE8EF46B-AB57-4043-9E41-0EA99C51DE3B}"
EndProject
Project("{2150E333-8FDC-42A3-9474-1A3956D46DE8}") = "AM.Application", "AM.Application", "{96E4C413-EB5F-48BD-924D-91A23115FF22}"
EndProject
Project("{2150E333-8FDC-42A3-9474-1A3956D46DE8}") = "AM.Infrastucture", "AM.Infrastucture", "{0782AB2C-09C6-4360-A5DD-A9DBFCC77782}"
EndProject
Project("{9A19103F-16F7-4668-BE54-9A1E7A4F7556}") = "AccountManagement.Domain", "AccountManagement.Domain\AccountManagement.Domain.csproj", "{9D65BD9B-272E-4FED-A52A-CF9FAD86A4F5}"
EndProject
Project("{9A19103F-16F7-4668-BE54-9A1E7A4F7556}") = "AccountManagement.Application.Contract", "AccountManagement.Application.Contract\AccountManagement.Application.Contract.csproj", "{276FD405-776F-4209-AF59-999E14C7AA7B}"
EndProject
Project("{9A19103F-16F7-4668-BE54-9A1E7A4F7556}") = "AccountManagement.Application", "AccountManagement.Application\AccountManagement.Application.csproj", "{185A19F3-64AB-4853-82EB-9C03CBCE37EC}"
EndProject
Project("{9A19103F-16F7-4668-BE54-9A1E7A4F7556}") = "AccountManagement.Infrastucture.Configuration", "AccountManagement.Infrastucture.Configuration\AccountManagement.Infrastucture.Configuration.csproj", "{B62EB00C-8D94-415C-BF9E-B0DD22203446}"
EndProject
Project("{9A19103F-16F7-4668-BE54-9A1E7A4F7556}") = "AccountManagement.Infrastucture.EFCore", "AccountManagement.Infrastucture.EFCore\AccountManagement.Infrastucture.EFCore.csproj", "{B5AD3D15-3B58-4642-A5B9-21A061629211}"
EndProject
Project("{9A19103F-16F7-4668-BE54-9A1E7A4F7556}") = "ShopManagement.Infrastucture.InventoryAcl", "ShopManagement.Infrastucture.InventoryAcl\ShopManagement.Infrastucture.InventoryAcl.csproj", "{9ADA3EF8-78AA-4B27-878D-51CFB877D561}"
EndProject
Project("{2150E333-8FDC-42A3-9474-1A3956D46DE8}") = "IM.Presention", "IM.Presention", "{81D6FF17-1B07-43D7-8F98-E8166EF99640}"
EndProject
Project("{9A19103F-16F7-4668-BE54-9A1E7A4F7556}") = "InventoryManagement.Presention.Api", "InventoryManagement.Presention.Api\InventoryManagement.Presention.Api.csproj", "{D3F79FEA-8E1E-4EB5-8EEE-3006D42BD41E}"
EndProject
Project("{FAE04EC0-301F-11D3-BF4B-00C04F79EFBC}") = "ShopManagement.Infrastucture.AccountAcl", "ShopManagement.Infrastucture.AccountAcl\ShopManagement.Infrastucture.AccountAcl.csproj", "{E516B647-5CE8-4854-A483-C1530D9AC4B7}"
EndProject
Global
	GlobalSection(SolutionConfigurationPlatforms) = preSolution
		Debug|Any CPU = Debug|Any CPU
		Release|Any CPU = Release|Any CPU
	EndGlobalSection
	GlobalSection(ProjectConfigurationPlatforms) = postSolution
		{6B1FFA54-D71E-4312-8E8C-208E280BABF8}.Debug|Any CPU.ActiveCfg = Debug|Any CPU
		{6B1FFA54-D71E-4312-8E8C-208E280BABF8}.Debug|Any CPU.Build.0 = Debug|Any CPU
		{6B1FFA54-D71E-4312-8E8C-208E280BABF8}.Release|Any CPU.ActiveCfg = Release|Any CPU
		{6B1FFA54-D71E-4312-8E8C-208E280BABF8}.Release|Any CPU.Build.0 = Release|Any CPU
		{12E7B093-A407-451B-AA52-02B032B0DD1E}.Debug|Any CPU.ActiveCfg = Debug|Any CPU
		{12E7B093-A407-451B-AA52-02B032B0DD1E}.Debug|Any CPU.Build.0 = Debug|Any CPU
		{12E7B093-A407-451B-AA52-02B032B0DD1E}.Release|Any CPU.ActiveCfg = Release|Any CPU
		{12E7B093-A407-451B-AA52-02B032B0DD1E}.Release|Any CPU.Build.0 = Release|Any CPU
		{4DF9DC52-0D31-4513-AF48-A5FEB72F2220}.Debug|Any CPU.ActiveCfg = Debug|Any CPU
		{4DF9DC52-0D31-4513-AF48-A5FEB72F2220}.Debug|Any CPU.Build.0 = Debug|Any CPU
		{4DF9DC52-0D31-4513-AF48-A5FEB72F2220}.Release|Any CPU.ActiveCfg = Release|Any CPU
		{4DF9DC52-0D31-4513-AF48-A5FEB72F2220}.Release|Any CPU.Build.0 = Release|Any CPU
		{8D20BBB5-1EA4-4A85-9AC2-D7CEC9284ED0}.Debug|Any CPU.ActiveCfg = Debug|Any CPU
		{8D20BBB5-1EA4-4A85-9AC2-D7CEC9284ED0}.Debug|Any CPU.Build.0 = Debug|Any CPU
		{8D20BBB5-1EA4-4A85-9AC2-D7CEC9284ED0}.Release|Any CPU.ActiveCfg = Release|Any CPU
		{8D20BBB5-1EA4-4A85-9AC2-D7CEC9284ED0}.Release|Any CPU.Build.0 = Release|Any CPU
		{C97AB5B4-8B77-47C0-AEAC-3E8E1AA4B4EB}.Debug|Any CPU.ActiveCfg = Debug|Any CPU
		{C97AB5B4-8B77-47C0-AEAC-3E8E1AA4B4EB}.Debug|Any CPU.Build.0 = Debug|Any CPU
		{C97AB5B4-8B77-47C0-AEAC-3E8E1AA4B4EB}.Release|Any CPU.ActiveCfg = Release|Any CPU
		{C97AB5B4-8B77-47C0-AEAC-3E8E1AA4B4EB}.Release|Any CPU.Build.0 = Release|Any CPU
		{DFA87BF3-4A72-433A-91A3-A8A3A4360159}.Debug|Any CPU.ActiveCfg = Debug|Any CPU
		{DFA87BF3-4A72-433A-91A3-A8A3A4360159}.Debug|Any CPU.Build.0 = Debug|Any CPU
		{DFA87BF3-4A72-433A-91A3-A8A3A4360159}.Release|Any CPU.ActiveCfg = Release|Any CPU
		{DFA87BF3-4A72-433A-91A3-A8A3A4360159}.Release|Any CPU.Build.0 = Release|Any CPU
		{B5B55E86-EB28-4F7F-9DBF-5212150147D8}.Debug|Any CPU.ActiveCfg = Debug|Any CPU
		{B5B55E86-EB28-4F7F-9DBF-5212150147D8}.Debug|Any CPU.Build.0 = Debug|Any CPU
		{B5B55E86-EB28-4F7F-9DBF-5212150147D8}.Release|Any CPU.ActiveCfg = Release|Any CPU
		{B5B55E86-EB28-4F7F-9DBF-5212150147D8}.Release|Any CPU.Build.0 = Release|Any CPU
		{DD8E3736-AB33-4F05-A5C4-0C94C541BD7C}.Debug|Any CPU.ActiveCfg = Debug|Any CPU
		{DD8E3736-AB33-4F05-A5C4-0C94C541BD7C}.Debug|Any CPU.Build.0 = Debug|Any CPU
		{DD8E3736-AB33-4F05-A5C4-0C94C541BD7C}.Release|Any CPU.ActiveCfg = Release|Any CPU
		{DD8E3736-AB33-4F05-A5C4-0C94C541BD7C}.Release|Any CPU.Build.0 = Release|Any CPU
		{8AA407E3-47BD-4295-A74E-08AD3E283D71}.Debug|Any CPU.ActiveCfg = Debug|Any CPU
		{8AA407E3-47BD-4295-A74E-08AD3E283D71}.Debug|Any CPU.Build.0 = Debug|Any CPU
		{8AA407E3-47BD-4295-A74E-08AD3E283D71}.Release|Any CPU.ActiveCfg = Release|Any CPU
		{8AA407E3-47BD-4295-A74E-08AD3E283D71}.Release|Any CPU.Build.0 = Release|Any CPU
		{5F1105CF-23AA-4794-B799-0656E720C8E9}.Debug|Any CPU.ActiveCfg = Debug|Any CPU
		{5F1105CF-23AA-4794-B799-0656E720C8E9}.Debug|Any CPU.Build.0 = Debug|Any CPU
		{5F1105CF-23AA-4794-B799-0656E720C8E9}.Release|Any CPU.ActiveCfg = Release|Any CPU
		{5F1105CF-23AA-4794-B799-0656E720C8E9}.Release|Any CPU.Build.0 = Release|Any CPU
		{9D48602C-877B-49E1-9D95-7D6C56F7E472}.Debug|Any CPU.ActiveCfg = Debug|Any CPU
		{9D48602C-877B-49E1-9D95-7D6C56F7E472}.Debug|Any CPU.Build.0 = Debug|Any CPU
		{9D48602C-877B-49E1-9D95-7D6C56F7E472}.Release|Any CPU.ActiveCfg = Release|Any CPU
		{9D48602C-877B-49E1-9D95-7D6C56F7E472}.Release|Any CPU.Build.0 = Release|Any CPU
		{ADB8FF42-7E84-4803-A094-E995C16A2DF2}.Debug|Any CPU.ActiveCfg = Debug|Any CPU
		{ADB8FF42-7E84-4803-A094-E995C16A2DF2}.Debug|Any CPU.Build.0 = Debug|Any CPU
		{ADB8FF42-7E84-4803-A094-E995C16A2DF2}.Release|Any CPU.ActiveCfg = Release|Any CPU
		{ADB8FF42-7E84-4803-A094-E995C16A2DF2}.Release|Any CPU.Build.0 = Release|Any CPU
		{11030E22-E4B4-4D7D-998C-0FEBC34169E6}.Debug|Any CPU.ActiveCfg = Debug|Any CPU
		{11030E22-E4B4-4D7D-998C-0FEBC34169E6}.Debug|Any CPU.Build.0 = Debug|Any CPU
		{11030E22-E4B4-4D7D-998C-0FEBC34169E6}.Release|Any CPU.ActiveCfg = Release|Any CPU
		{11030E22-E4B4-4D7D-998C-0FEBC34169E6}.Release|Any CPU.Build.0 = Release|Any CPU
		{75D3583E-CBF4-4AC8-A25D-99E8F848D3AB}.Debug|Any CPU.ActiveCfg = Debug|Any CPU
		{75D3583E-CBF4-4AC8-A25D-99E8F848D3AB}.Debug|Any CPU.Build.0 = Debug|Any CPU
		{75D3583E-CBF4-4AC8-A25D-99E8F848D3AB}.Release|Any CPU.ActiveCfg = Release|Any CPU
		{75D3583E-CBF4-4AC8-A25D-99E8F848D3AB}.Release|Any CPU.Build.0 = Release|Any CPU
		{6635E7EB-43F6-4CC2-8B5A-F8F111E7B146}.Debug|Any CPU.ActiveCfg = Debug|Any CPU
		{6635E7EB-43F6-4CC2-8B5A-F8F111E7B146}.Debug|Any CPU.Build.0 = Debug|Any CPU
		{6635E7EB-43F6-4CC2-8B5A-F8F111E7B146}.Release|Any CPU.ActiveCfg = Release|Any CPU
		{6635E7EB-43F6-4CC2-8B5A-F8F111E7B146}.Release|Any CPU.Build.0 = Release|Any CPU
		{35EC2E7A-7A13-4C37-8CBF-95F610241121}.Debug|Any CPU.ActiveCfg = Debug|Any CPU
		{35EC2E7A-7A13-4C37-8CBF-95F610241121}.Debug|Any CPU.Build.0 = Debug|Any CPU
		{35EC2E7A-7A13-4C37-8CBF-95F610241121}.Release|Any CPU.ActiveCfg = Release|Any CPU
		{35EC2E7A-7A13-4C37-8CBF-95F610241121}.Release|Any CPU.Build.0 = Release|Any CPU
		{9A8B7CF6-BB1B-4C46-85FB-7E0B059C8D6E}.Debug|Any CPU.ActiveCfg = Debug|Any CPU
		{9A8B7CF6-BB1B-4C46-85FB-7E0B059C8D6E}.Debug|Any CPU.Build.0 = Debug|Any CPU
		{9A8B7CF6-BB1B-4C46-85FB-7E0B059C8D6E}.Release|Any CPU.ActiveCfg = Release|Any CPU
		{9A8B7CF6-BB1B-4C46-85FB-7E0B059C8D6E}.Release|Any CPU.Build.0 = Release|Any CPU
		{9A219C37-53D1-4556-B8EF-3B8AD6175803}.Debug|Any CPU.ActiveCfg = Debug|Any CPU
		{9A219C37-53D1-4556-B8EF-3B8AD6175803}.Debug|Any CPU.Build.0 = Debug|Any CPU
		{9A219C37-53D1-4556-B8EF-3B8AD6175803}.Release|Any CPU.ActiveCfg = Release|Any CPU
		{9A219C37-53D1-4556-B8EF-3B8AD6175803}.Release|Any CPU.Build.0 = Release|Any CPU
		{120E8D74-8668-4FF1-9F46-0371F97C4BCF}.Debug|Any CPU.ActiveCfg = Debug|Any CPU
		{120E8D74-8668-4FF1-9F46-0371F97C4BCF}.Debug|Any CPU.Build.0 = Debug|Any CPU
		{120E8D74-8668-4FF1-9F46-0371F97C4BCF}.Release|Any CPU.ActiveCfg = Release|Any CPU
		{120E8D74-8668-4FF1-9F46-0371F97C4BCF}.Release|Any CPU.Build.0 = Release|Any CPU
		{6B8D5D37-9A37-4DD1-B38D-85A11440A1A5}.Debug|Any CPU.ActiveCfg = Debug|Any CPU
		{6B8D5D37-9A37-4DD1-B38D-85A11440A1A5}.Debug|Any CPU.Build.0 = Debug|Any CPU
		{6B8D5D37-9A37-4DD1-B38D-85A11440A1A5}.Release|Any CPU.ActiveCfg = Release|Any CPU
		{6B8D5D37-9A37-4DD1-B38D-85A11440A1A5}.Release|Any CPU.Build.0 = Release|Any CPU
		{95A372AD-0086-47FF-A89C-B16E4B689ED9}.Debug|Any CPU.ActiveCfg = Debug|Any CPU
		{95A372AD-0086-47FF-A89C-B16E4B689ED9}.Debug|Any CPU.Build.0 = Debug|Any CPU
		{95A372AD-0086-47FF-A89C-B16E4B689ED9}.Release|Any CPU.ActiveCfg = Release|Any CPU
		{95A372AD-0086-47FF-A89C-B16E4B689ED9}.Release|Any CPU.Build.0 = Release|Any CPU
		{D95FB063-ABD3-415D-9283-DBEB2A3AAF2D}.Debug|Any CPU.ActiveCfg = Debug|Any CPU
		{D95FB063-ABD3-415D-9283-DBEB2A3AAF2D}.Debug|Any CPU.Build.0 = Debug|Any CPU
		{D95FB063-ABD3-415D-9283-DBEB2A3AAF2D}.Release|Any CPU.ActiveCfg = Release|Any CPU
		{D95FB063-ABD3-415D-9283-DBEB2A3AAF2D}.Release|Any CPU.Build.0 = Release|Any CPU
		{925D620D-12D4-419B-A85C-A952E89A558A}.Debug|Any CPU.ActiveCfg = Debug|Any CPU
		{925D620D-12D4-419B-A85C-A952E89A558A}.Debug|Any CPU.Build.0 = Debug|Any CPU
		{925D620D-12D4-419B-A85C-A952E89A558A}.Release|Any CPU.ActiveCfg = Release|Any CPU
		{925D620D-12D4-419B-A85C-A952E89A558A}.Release|Any CPU.Build.0 = Release|Any CPU
		{587C9D2D-DB58-41A5-B9CF-84EA55DA1E3A}.Debug|Any CPU.ActiveCfg = Debug|Any CPU
		{587C9D2D-DB58-41A5-B9CF-84EA55DA1E3A}.Debug|Any CPU.Build.0 = Debug|Any CPU
		{587C9D2D-DB58-41A5-B9CF-84EA55DA1E3A}.Release|Any CPU.ActiveCfg = Release|Any CPU
		{587C9D2D-DB58-41A5-B9CF-84EA55DA1E3A}.Release|Any CPU.Build.0 = Release|Any CPU
		{30961D30-D509-498B-AB1B-954ED414A551}.Debug|Any CPU.ActiveCfg = Debug|Any CPU
		{30961D30-D509-498B-AB1B-954ED414A551}.Debug|Any CPU.Build.0 = Debug|Any CPU
		{30961D30-D509-498B-AB1B-954ED414A551}.Release|Any CPU.ActiveCfg = Release|Any CPU
		{30961D30-D509-498B-AB1B-954ED414A551}.Release|Any CPU.Build.0 = Release|Any CPU
		{E2F4C4D8-9FC4-4B03-8599-D809A005A18C}.Debug|Any CPU.ActiveCfg = Debug|Any CPU
		{E2F4C4D8-9FC4-4B03-8599-D809A005A18C}.Debug|Any CPU.Build.0 = Debug|Any CPU
		{E2F4C4D8-9FC4-4B03-8599-D809A005A18C}.Release|Any CPU.ActiveCfg = Release|Any CPU
		{E2F4C4D8-9FC4-4B03-8599-D809A005A18C}.Release|Any CPU.Build.0 = Release|Any CPU
		{21E7B817-E688-48C6-8CA9-F4A14EBFF8C3}.Debug|Any CPU.ActiveCfg = Debug|Any CPU
		{21E7B817-E688-48C6-8CA9-F4A14EBFF8C3}.Debug|Any CPU.Build.0 = Debug|Any CPU
		{21E7B817-E688-48C6-8CA9-F4A14EBFF8C3}.Release|Any CPU.ActiveCfg = Release|Any CPU
		{21E7B817-E688-48C6-8CA9-F4A14EBFF8C3}.Release|Any CPU.Build.0 = Release|Any CPU
		{12DAFB63-1F3C-44F4-B689-1A59362F7AD8}.Debug|Any CPU.ActiveCfg = Debug|Any CPU
		{12DAFB63-1F3C-44F4-B689-1A59362F7AD8}.Debug|Any CPU.Build.0 = Debug|Any CPU
		{12DAFB63-1F3C-44F4-B689-1A59362F7AD8}.Release|Any CPU.ActiveCfg = Release|Any CPU
		{12DAFB63-1F3C-44F4-B689-1A59362F7AD8}.Release|Any CPU.Build.0 = Release|Any CPU
		{9D65BD9B-272E-4FED-A52A-CF9FAD86A4F5}.Debug|Any CPU.ActiveCfg = Debug|Any CPU
		{9D65BD9B-272E-4FED-A52A-CF9FAD86A4F5}.Debug|Any CPU.Build.0 = Debug|Any CPU
		{9D65BD9B-272E-4FED-A52A-CF9FAD86A4F5}.Release|Any CPU.ActiveCfg = Release|Any CPU
		{9D65BD9B-272E-4FED-A52A-CF9FAD86A4F5}.Release|Any CPU.Build.0 = Release|Any CPU
		{276FD405-776F-4209-AF59-999E14C7AA7B}.Debug|Any CPU.ActiveCfg = Debug|Any CPU
		{276FD405-776F-4209-AF59-999E14C7AA7B}.Debug|Any CPU.Build.0 = Debug|Any CPU
		{276FD405-776F-4209-AF59-999E14C7AA7B}.Release|Any CPU.ActiveCfg = Release|Any CPU
		{276FD405-776F-4209-AF59-999E14C7AA7B}.Release|Any CPU.Build.0 = Release|Any CPU
		{185A19F3-64AB-4853-82EB-9C03CBCE37EC}.Debug|Any CPU.ActiveCfg = Debug|Any CPU
		{185A19F3-64AB-4853-82EB-9C03CBCE37EC}.Debug|Any CPU.Build.0 = Debug|Any CPU
		{185A19F3-64AB-4853-82EB-9C03CBCE37EC}.Release|Any CPU.ActiveCfg = Release|Any CPU
		{185A19F3-64AB-4853-82EB-9C03CBCE37EC}.Release|Any CPU.Build.0 = Release|Any CPU
		{B62EB00C-8D94-415C-BF9E-B0DD22203446}.Debug|Any CPU.ActiveCfg = Debug|Any CPU
		{B62EB00C-8D94-415C-BF9E-B0DD22203446}.Debug|Any CPU.Build.0 = Debug|Any CPU
		{B62EB00C-8D94-415C-BF9E-B0DD22203446}.Release|Any CPU.ActiveCfg = Release|Any CPU
		{B62EB00C-8D94-415C-BF9E-B0DD22203446}.Release|Any CPU.Build.0 = Release|Any CPU
		{B5AD3D15-3B58-4642-A5B9-21A061629211}.Debug|Any CPU.ActiveCfg = Debug|Any CPU
		{B5AD3D15-3B58-4642-A5B9-21A061629211}.Debug|Any CPU.Build.0 = Debug|Any CPU
		{B5AD3D15-3B58-4642-A5B9-21A061629211}.Release|Any CPU.ActiveCfg = Release|Any CPU
		{B5AD3D15-3B58-4642-A5B9-21A061629211}.Release|Any CPU.Build.0 = Release|Any CPU
		{9ADA3EF8-78AA-4B27-878D-51CFB877D561}.Debug|Any CPU.ActiveCfg = Debug|Any CPU
		{9ADA3EF8-78AA-4B27-878D-51CFB877D561}.Debug|Any CPU.Build.0 = Debug|Any CPU
		{9ADA3EF8-78AA-4B27-878D-51CFB877D561}.Release|Any CPU.ActiveCfg = Release|Any CPU
		{9ADA3EF8-78AA-4B27-878D-51CFB877D561}.Release|Any CPU.Build.0 = Release|Any CPU
		{D3F79FEA-8E1E-4EB5-8EEE-3006D42BD41E}.Debug|Any CPU.ActiveCfg = Debug|Any CPU
		{D3F79FEA-8E1E-4EB5-8EEE-3006D42BD41E}.Debug|Any CPU.Build.0 = Debug|Any CPU
		{D3F79FEA-8E1E-4EB5-8EEE-3006D42BD41E}.Release|Any CPU.ActiveCfg = Release|Any CPU
		{D3F79FEA-8E1E-4EB5-8EEE-3006D42BD41E}.Release|Any CPU.Build.0 = Release|Any CPU
		{E516B647-5CE8-4854-A483-C1530D9AC4B7}.Debug|Any CPU.ActiveCfg = Debug|Any CPU
		{E516B647-5CE8-4854-A483-C1530D9AC4B7}.Debug|Any CPU.Build.0 = Debug|Any CPU
		{E516B647-5CE8-4854-A483-C1530D9AC4B7}.Release|Any CPU.ActiveCfg = Release|Any CPU
		{E516B647-5CE8-4854-A483-C1530D9AC4B7}.Release|Any CPU.Build.0 = Release|Any CPU
	EndGlobalSection
	GlobalSection(SolutionProperties) = preSolution
		HideSolutionNode = FALSE
	EndGlobalSection
	GlobalSection(NestedProjects) = preSolution
		{279DB181-280C-48D0-9E2A-C7E155621910} = {F9D94C79-7432-43B7-A8DC-A006E1B8AE76}
		{6B1FFA54-D71E-4312-8E8C-208E280BABF8} = {279DB181-280C-48D0-9E2A-C7E155621910}
		{95991397-7790-4414-86A4-0647753D529C} = {F9D94C79-7432-43B7-A8DC-A006E1B8AE76}
		{4DF9DC52-0D31-4513-AF48-A5FEB72F2220} = {95991397-7790-4414-86A4-0647753D529C}
		{8D20BBB5-1EA4-4A85-9AC2-D7CEC9284ED0} = {95991397-7790-4414-86A4-0647753D529C}
		{9C6FD1DC-D359-4056-A2D8-C5349FDC9F6F} = {F9D94C79-7432-43B7-A8DC-A006E1B8AE76}
		{C97AB5B4-8B77-47C0-AEAC-3E8E1AA4B4EB} = {9C6FD1DC-D359-4056-A2D8-C5349FDC9F6F}
		{DFA87BF3-4A72-433A-91A3-A8A3A4360159} = {9C6FD1DC-D359-4056-A2D8-C5349FDC9F6F}
		{6B1253E1-9C4F-432A-83B5-389EE867DF8E} = {39DD7FB3-A514-47B5-8DA3-2F87A2C72FAE}
		{8E38549A-4A9C-4B1F-A9DE-D5F2902699CE} = {39DD7FB3-A514-47B5-8DA3-2F87A2C72FAE}
		{C27CBD5B-A6DC-49FE-AA8F-99AE2A265784} = {39DD7FB3-A514-47B5-8DA3-2F87A2C72FAE}
		{8AA407E3-47BD-4295-A74E-08AD3E283D71} = {6B1253E1-9C4F-432A-83B5-389EE867DF8E}
		{5F1105CF-23AA-4794-B799-0656E720C8E9} = {8E38549A-4A9C-4B1F-A9DE-D5F2902699CE}
		{9D48602C-877B-49E1-9D95-7D6C56F7E472} = {8E38549A-4A9C-4B1F-A9DE-D5F2902699CE}
		{ADB8FF42-7E84-4803-A094-E995C16A2DF2} = {C27CBD5B-A6DC-49FE-AA8F-99AE2A265784}
		{11030E22-E4B4-4D7D-998C-0FEBC34169E6} = {C27CBD5B-A6DC-49FE-AA8F-99AE2A265784}
		{38C48D0B-F525-4080-8CAF-558809DC63C4} = {B880AE02-28C2-41A2-8EEC-C7DC113662AE}
		{75D3583E-CBF4-4AC8-A25D-99E8F848D3AB} = {38C48D0B-F525-4080-8CAF-558809DC63C4}
		{8FB8B6F9-744A-486A-8A2B-A8352BDE1FEC} = {B880AE02-28C2-41A2-8EEC-C7DC113662AE}
		{6635E7EB-43F6-4CC2-8B5A-F8F111E7B146} = {8FB8B6F9-744A-486A-8A2B-A8352BDE1FEC}
		{BB94B97A-D920-4565-911A-69B34138538F} = {B880AE02-28C2-41A2-8EEC-C7DC113662AE}
		{35EC2E7A-7A13-4C37-8CBF-95F610241121} = {BB94B97A-D920-4565-911A-69B34138538F}
		{9A8B7CF6-BB1B-4C46-85FB-7E0B059C8D6E} = {BB94B97A-D920-4565-911A-69B34138538F}
		{9A219C37-53D1-4556-B8EF-3B8AD6175803} = {8FB8B6F9-744A-486A-8A2B-A8352BDE1FEC}
		{EDE95244-8EA6-4D54-A47C-2F9FBA8ABB76} = {D9172331-F62C-4BA7-B06B-4693B75A94E6}
		{120E8D74-8668-4FF1-9F46-0371F97C4BCF} = {EDE95244-8EA6-4D54-A47C-2F9FBA8ABB76}
		{9888A710-687D-42DF-9F44-81EFA1D1D46E} = {D9172331-F62C-4BA7-B06B-4693B75A94E6}
		{6B8D5D37-9A37-4DD1-B38D-85A11440A1A5} = {9888A710-687D-42DF-9F44-81EFA1D1D46E}
		{95A372AD-0086-47FF-A89C-B16E4B689ED9} = {9888A710-687D-42DF-9F44-81EFA1D1D46E}
		{BFF264B3-F0CD-44CD-801C-3FAA7D236AE8} = {D9172331-F62C-4BA7-B06B-4693B75A94E6}
		{D95FB063-ABD3-415D-9283-DBEB2A3AAF2D} = {BFF264B3-F0CD-44CD-801C-3FAA7D236AE8}
		{925D620D-12D4-419B-A85C-A952E89A558A} = {BFF264B3-F0CD-44CD-801C-3FAA7D236AE8}
		{9A2143FB-6C4B-4C9C-AD09-04D32F67C446} = {936C0D2D-A834-4345-A919-5317147F0E32}
		{A7FA7947-70DA-4663-ADCD-DEA658CEE0DC} = {936C0D2D-A834-4345-A919-5317147F0E32}
		{3A4CB9ED-D9EB-4E02-9143-64FEAD4B06B5} = {936C0D2D-A834-4345-A919-5317147F0E32}
		{587C9D2D-DB58-41A5-B9CF-84EA55DA1E3A} = {A7FA7947-70DA-4663-ADCD-DEA658CEE0DC}
		{30961D30-D509-498B-AB1B-954ED414A551} = {9A2143FB-6C4B-4C9C-AD09-04D32F67C446}
		{E2F4C4D8-9FC4-4B03-8599-D809A005A18C} = {9A2143FB-6C4B-4C9C-AD09-04D32F67C446}
		{21E7B817-E688-48C6-8CA9-F4A14EBFF8C3} = {3A4CB9ED-D9EB-4E02-9143-64FEAD4B06B5}
		{12DAFB63-1F3C-44F4-B689-1A59362F7AD8} = {3A4CB9ED-D9EB-4E02-9143-64FEAD4B06B5}
		{FE8EF46B-AB57-4043-9E41-0EA99C51DE3B} = {E2DA5C7B-F051-4DF5-996C-2F82E794B0EB}
		{96E4C413-EB5F-48BD-924D-91A23115FF22} = {E2DA5C7B-F051-4DF5-996C-2F82E794B0EB}
		{0782AB2C-09C6-4360-A5DD-A9DBFCC77782} = {E2DA5C7B-F051-4DF5-996C-2F82E794B0EB}
		{9D65BD9B-272E-4FED-A52A-CF9FAD86A4F5} = {FE8EF46B-AB57-4043-9E41-0EA99C51DE3B}
		{276FD405-776F-4209-AF59-999E14C7AA7B} = {96E4C413-EB5F-48BD-924D-91A23115FF22}
		{185A19F3-64AB-4853-82EB-9C03CBCE37EC} = {96E4C413-EB5F-48BD-924D-91A23115FF22}
		{B62EB00C-8D94-415C-BF9E-B0DD22203446} = {0782AB2C-09C6-4360-A5DD-A9DBFCC77782}
		{B5AD3D15-3B58-4642-A5B9-21A061629211} = {0782AB2C-09C6-4360-A5DD-A9DBFCC77782}
		{9ADA3EF8-78AA-4B27-878D-51CFB877D561} = {9C6FD1DC-D359-4056-A2D8-C5349FDC9F6F}
		{81D6FF17-1B07-43D7-8F98-E8166EF99640} = {B880AE02-28C2-41A2-8EEC-C7DC113662AE}
		{D3F79FEA-8E1E-4EB5-8EEE-3006D42BD41E} = {81D6FF17-1B07-43D7-8F98-E8166EF99640}
		{E516B647-5CE8-4854-A483-C1530D9AC4B7} = {9C6FD1DC-D359-4056-A2D8-C5349FDC9F6F}
	EndGlobalSection
	GlobalSection(ExtensibilityGlobals) = postSolution
		SolutionGuid = {65B88656-512B-42F6-B73A-B64734BAAB9E}
	EndGlobalSection
EndGlobal
